<?xml version="1.0"?>
<Project ToolsVersion="4.0" xmlns="http://schemas.microsoft.com/developer/msbuild/2003">
	<ItemGroup>
		<ClCompile Include="src\ofApp.cpp">
			<Filter>src</Filter>
		</ClCompile>
		<ClCompile Include="src\main.cpp">
			<Filter>src</Filter>
		</ClCompile>
		<ClCompile Include="..\..\..\addons\ofxTextSuite\src\ofxTextBlock.cpp">
			<Filter>addons\ofxTextSuite\src</Filter>
		</ClCompile>
	</ItemGroup>
	<ItemGroup>
		<Filter Include="src">
			<UniqueIdentifier>{d8376475-7454-4a24-b08a-aac121d3ad6f}</UniqueIdentifier>
		</Filter>
		<Filter Include="addons">
			<UniqueIdentifier>{71834F65-F3A9-211E-73B8-DC85}</UniqueIdentifier>
		</Filter>
		<Filter Include="addons\ofxTextSuite">
			<UniqueIdentifier>{5FA61CFC-4BC7-6534-EE43-86B6}</UniqueIdentifier>
		</Filter>
		<Filter Include="addons\ofxTextSuite\src">
			<UniqueIdentifier>{BB42DA10-755C-8653-038F-ED11}</UniqueIdentifier>
		</Filter>
	</ItemGroup>
	<ItemGroup>
		<ClInclude Include="src\ofApp.h">
			<Filter>src</Filter>
		</ClInclude>
		<ClInclude Include="..\..\..\addons\ofxTextSuite\src\ofxTextBlock.h">
			<Filter>addons\ofxTextSuite\src</Filter>
		</ClInclude>
		<ClInclude Include="..\..\..\addons\ofxTextSuite\src\ofxTextSuite.h">
			<Filter>addons\ofxTextSuite\src</Filter>
		</ClInclude>
	</ItemGroup>
	<ItemGroup>
		<ResourceCompile Include="icon.rc" />
	</ItemGroup>
</Project>
